
Microsoft Visual Studio Solution File, Format Version 12.00
# Visual Studio Version 17
VisualStudioVersion = 17.0.31903.59
MinimumVisualStudioVersion = 10.0.40219.1
Project("{2150E333-8FDC-42A3-9474-1A3956D46DE8}") = "Backend", "Backend", "{1AE8ACA6-933B-BF2A-3671-3E2EAC007D16}"
EndProject
Project("{FAE04EC0-301F-11D3-BF4B-00C04F79EFBC}") = "Domain", "Backend\Domain\Domain.csproj", "{10965C09-992C-457C-BFC8-7F0C0CF862ED}"
EndProject
Project("{FAE04EC0-301F-11D3-BF4B-00C04F79EFBC}") = "Application", "Backend\Application\Application.csproj", "{8BFD6DB5-B670-4B43-9E0E-5F5694BF5FDB}"
EndProject
Project("{FAE04EC0-301F-11D3-BF4B-00C04F79EFBC}") = "Infrastructure", "Backend\Infrastructure\Infrastructure.csproj", "{A6F6F17F-E2DB-40EA-83BA-C3C2DB19968F}"
EndProject
Project("{FAE04EC0-301F-11D3-BF4B-00C04F79EFBC}") = "TaskManagementApi", "Backend\TaskManagementApi\TaskManagementApi.csproj", "{AE9F95AF-EB3C-4AAC-BF3E-6F94304532EC}"
EndProject
Global
	GlobalSection(SolutionConfigurationPlatforms) = preSolution
		Debug|Any CPU = Debug|Any CPU
		Debug|x64 = Debug|x64
		Debug|x86 = Debug|x86
		Release|Any CPU = Release|Any CPU
		Release|x64 = Release|x64
		Release|x86 = Release|x86
	EndGlobalSection
	GlobalSection(ProjectConfigurationPlatforms) = postSolution
		{10965C09-992C-457C-BFC8-7F0C0CF862ED}.Debug|Any CPU.ActiveCfg = Debug|Any CPU
		{10965C09-992C-457C-BFC8-7F0C0CF862ED}.Debug|Any CPU.Build.0 = Debug|Any CPU
		{10965C09-992C-457C-BFC8-7F0C0CF862ED}.Debug|x64.ActiveCfg = Debug|Any CPU
		{10965C09-992C-457C-BFC8-7F0C0CF862ED}.Debug|x64.Build.0 = Debug|Any CPU
		{10965C09-992C-457C-BFC8-7F0C0CF862ED}.Debug|x86.ActiveCfg = Debug|Any CPU
		{10965C09-992C-457C-BFC8-7F0C0CF862ED}.Debug|x86.Build.0 = Debug|Any CPU
		{10965C09-992C-457C-BFC8-7F0C0CF862ED}.Release|Any CPU.ActiveCfg = Release|Any CPU
		{10965C09-992C-457C-BFC8-7F0C0CF862ED}.Release|Any CPU.Build.0 = Release|Any CPU
		{10965C09-992C-457C-BFC8-7F0C0CF862ED}.Release|x64.ActiveCfg = Release|Any CPU
		{10965C09-992C-457C-BFC8-7F0C0CF862ED}.Release|x64.Build.0 = Release|Any CPU
		{10965C09-992C-457C-BFC8-7F0C0CF862ED}.Release|x86.ActiveCfg = Release|Any CPU
		{10965C09-992C-457C-BFC8-7F0C0CF862ED}.Release|x86.Build.0 = Release|Any CPU
		{8BFD6DB5-B670-4B43-9E0E-5F5694BF5FDB}.Debug|Any CPU.ActiveCfg = Debug|Any CPU
		{8BFD6DB5-B670-4B43-9E0E-5F5694BF5FDB}.Debug|Any CPU.Build.0 = Debug|Any CPU
		{8BFD6DB5-B670-4B43-9E0E-5F5694BF5FDB}.Debug|x64.ActiveCfg = Debug|Any CPU
		{8BFD6DB5-B670-4B43-9E0E-5F5694BF5FDB}.Debug|x64.Build.0 = Debug|Any CPU
		{8BFD6DB5-B670-4B43-9E0E-5F5694BF5FDB}.Debug|x86.ActiveCfg = Debug|Any CPU
		{8BFD6DB5-B670-4B43-9E0E-5F5694BF5FDB}.Debug|x86.Build.0 = Debug|Any CPU
		{8BFD6DB5-B670-4B43-9E0E-5F5694BF5FDB}.Release|Any CPU.ActiveCfg = Release|Any CPU
		{8BFD6DB5-B670-4B43-9E0E-5F5694BF5FDB}.Release|Any CPU.Build.0 = Release|Any CPU
		{8BFD6DB5-B670-4B43-9E0E-5F5694BF5FDB}.Release|x64.ActiveCfg = Release|Any CPU
		{8BFD6DB5-B670-4B43-9E0E-5F5694BF5FDB}.Release|x64.Build.0 = Release|Any CPU
		{8BFD6DB5-B670-4B43-9E0E-5F5694BF5FDB}.Release|x86.ActiveCfg = Release|Any CPU
		{8BFD6DB5-B670-4B43-9E0E-5F5694BF5FDB}.Release|x86.Build.0 = Release|Any CPU
		{A6F6F17F-E2DB-40EA-83BA-C3C2DB19968F}.Debug|Any CPU.ActiveCfg = Debug|Any CPU
		{A6F6F17F-E2DB-40EA-83BA-C3C2DB19968F}.Debug|Any CPU.Build.0 = Debug|Any CPU
		{A6F6F17F-E2DB-40EA-83BA-C3C2DB19968F}.Debug|x64.ActiveCfg = Debug|Any CPU
		{A6F6F17F-E2DB-40EA-83BA-C3C2DB19968F}.Debug|x64.Build.0 = Debug|Any CPU
		{A6F6F17F-E2DB-40EA-83BA-C3C2DB19968F}.Debug|x86.ActiveCfg = Debug|Any CPU
		{A6F6F17F-E2DB-40EA-83BA-C3C2DB19968F}.Debug|x86.Build.0 = Debug|Any CPU
		{A6F6F17F-E2DB-40EA-83BA-C3C2DB19968F}.Release|Any CPU.ActiveCfg = Release|Any CPU
		{A6F6F17F-E2DB-40EA-83BA-C3C2DB19968F}.Release|Any CPU.Build.0 = Release|Any CPU
		{A6F6F17F-E2DB-40EA-83BA-C3C2DB19968F}.Release|x64.ActiveCfg = Release|Any CPU
		{A6F6F17F-E2DB-40EA-83BA-C3C2DB19968F}.Release|x64.Build.0 = Release|Any CPU
		{A6F6F17F-E2DB-40EA-83BA-C3C2DB19968F}.Release|x86.ActiveCfg = Release|Any CPU
		{A6F6F17F-E2DB-40EA-83BA-C3C2DB19968F}.Release|x86.Build.0 = Release|Any CPU
		{AE9F95AF-EB3C-4AAC-BF3E-6F94304532EC}.Debug|Any CPU.ActiveCfg = Debug|Any CPU
		{AE9F95AF-EB3C-4AAC-BF3E-6F94304532EC}.Debug|Any CPU.Build.0 = Debug|Any CPU
		{AE9F95AF-EB3C-4AAC-BF3E-6F94304532EC}.Debug|x64.ActiveCfg = Debug|Any CPU
		{AE9F95AF-EB3C-4AAC-BF3E-6F94304532EC}.Debug|x64.Build.0 = Debug|Any CPU
		{AE9F95AF-EB3C-4AAC-BF3E-6F94304532EC}.Debug|x86.ActiveCfg = Debug|Any CPU
		{AE9F95AF-EB3C-4AAC-BF3E-6F94304532EC}.Debug|x86.Build.0 = Debug|Any CPU
		{AE9F95AF-EB3C-4AAC-BF3E-6F94304532EC}.Release|Any CPU.ActiveCfg = Release|Any CPU
		{AE9F95AF-EB3C-4AAC-BF3E-6F94304532EC}.Release|Any CPU.Build.0 = Release|Any CPU
		{AE9F95AF-EB3C-4AAC-BF3E-6F94304532EC}.Release|x64.ActiveCfg = Release|Any CPU
		{AE9F95AF-EB3C-4AAC-BF3E-6F94304532EC}.Release|x64.Build.0 = Release|Any CPU
		{AE9F95AF-EB3C-4AAC-BF3E-6F94304532EC}.Release|x86.ActiveCfg = Release|Any CPU
		{AE9F95AF-EB3C-4AAC-BF3E-6F94304532EC}.Release|x86.Build.0 = Release|Any CPU
	EndGlobalSection
	GlobalSection(SolutionProperties) = preSolution
		HideSolutionNode = FALSE
	EndGlobalSection
	GlobalSection(NestedProjects) = preSolution
		{10965C09-992C-457C-BFC8-7F0C0CF862ED} = {1AE8ACA6-933B-BF2A-3671-3E2EAC007D16}
		{8BFD6DB5-B670-4B43-9E0E-5F5694BF5FDB} = {1AE8ACA6-933B-BF2A-3671-3E2EAC007D16}
		{A6F6F17F-E2DB-40EA-83BA-C3C2DB19968F} = {1AE8ACA6-933B-BF2A-3671-3E2EAC007D16}
		{AE9F95AF-EB3C-4AAC-BF3E-6F94304532EC} = {1AE8ACA6-933B-BF2A-3671-3E2EAC007D16}
	EndGlobalSection
EndGlobal
